
Microsoft Visual Studio Solution File, Format Version 12.00
# Visual Studio Version 17
VisualStudioVersion = 17.12.35527.113
MinimumVisualStudioVersion = 10.0.40219.1
Project("{FAE04EC0-301F-11D3-BF4B-00C04F79EFBC}") = "Eshop-microservices", "Eshop-microservices\Eshop-microservices.csproj", "{15EEFFEA-2F9D-47A1-AFA4-E6D3DA60B10D}"
EndProject
Project("{2150E333-8FDC-42A3-9474-1A3956D46DE8}") = "ApiGateways", "ApiGateways", "{2A18666D-732F-4F19-A9E5-7893F3620855}"
EndProject
Project("{FAE04EC0-301F-11D3-BF4B-00C04F79EFBC}") = "APIGateWay", "APIGateWay\APIGateWay.csproj", "{720CAC79-819A-47E0-B089-8745CCFD5A16}"
EndProject
Project("{2150E333-8FDC-42A3-9474-1A3956D46DE8}") = "Services", "Services", "{E5D8B16A-0081-4EF7-A42B-8E341D4C834A}"
EndProject
Project("{2150E333-8FDC-42A3-9474-1A3956D46DE8}") = "ProductService.Microservice", "ProductService.Microservice", "{94B446C9-5288-4E63-AF9E-25E1D1847D87}"
EndProject
Project("{FAE04EC0-301F-11D3-BF4B-00C04F79EFBC}") = "Product.API", "Product.API\Product.API.csproj", "{FC8F3CF8-3A37-4833-8EF4-E8AF8141EE01}"
EndProject
Project("{FAE04EC0-301F-11D3-BF4B-00C04F79EFBC}") = "Product.Application", "Product.Application\Product.Application.csproj", "{CED6D121-6B94-48BE-AABF-3CB2A3B5866E}"
EndProject
Project("{FAE04EC0-301F-11D3-BF4B-00C04F79EFBC}") = "Product.Domain", "Product.Domain\Product.Domain.csproj", "{C74B3BB7-0329-4451-9B5D-5CE6DD654591}"
EndProject
Project("{FAE04EC0-301F-11D3-BF4B-00C04F79EFBC}") = "Product.Infrastructure", "Product.Infrastructure\Product.Infrastructure.csproj", "{B73C887B-7B6A-4929-BF3C-E9B7F4068353}"
EndProject
Project("{2150E333-8FDC-42A3-9474-1A3956D46DE8}") = "AuthService.Microservice", "AuthService.Microservice", "{EC4C0F08-E5C2-433A-B8C4-70DF2A5536DD}"
EndProject
Project("{FAE04EC0-301F-11D3-BF4B-00C04F79EFBC}") = "Auth.API", "Auth.API\Auth.API.csproj", "{601E6EAD-A5A7-4A6D-9DD7-3FE2D05BCD0B}"
EndProject
Project("{FAE04EC0-301F-11D3-BF4B-00C04F79EFBC}") = "AuthService.Application", "AuthService.Application\AuthService.Application.csproj", "{D25528E1-25C2-44CD-BB17-20ADE3B96B2E}"
EndProject
Project("{FAE04EC0-301F-11D3-BF4B-00C04F79EFBC}") = "AuthService.Domain", "AuthService.Domain\AuthService.Domain.csproj", "{94270D18-A6A2-45CA-8D06-4592A7670C5F}"
EndProject
Project("{FAE04EC0-301F-11D3-BF4B-00C04F79EFBC}") = "AuthServices.Infrastructure", "AuthServices.Infrastructure\AuthServices.Infrastructure.csproj", "{9C805E0E-4C61-4509-BB2B-1C60DD199473}"
EndProject
Project("{2150E333-8FDC-42A3-9474-1A3956D46DE8}") = "Shared", "Shared", "{77547F16-4CC9-4E40-8DE4-7FDA6FB03DD6}"
EndProject
Project("{FAE04EC0-301F-11D3-BF4B-00C04F79EFBC}") = "Authentications", "Authentications\Authentications.csproj", "{36D2ECB6-6DB2-4FDB-8768-41AB22025A8D}"
EndProject
Project("{2150E333-8FDC-42A3-9474-1A3956D46DE8}") = "Web", "Web", "{6D508E92-9BAB-423C-A5FE-3EA5C0AFED89}"
EndProject
Project("{FAE04EC0-301F-11D3-BF4B-00C04F79EFBC}") = "EshopingWeb", "EshopingWeb\EshopingWeb.csproj", "{C16FB5A9-7DB0-4A02-909F-B6DE63CB1AE0}"
EndProject
Global
	GlobalSection(SolutionConfigurationPlatforms) = preSolution
		Debug|Any CPU = Debug|Any CPU
		Release|Any CPU = Release|Any CPU
	EndGlobalSection
	GlobalSection(ProjectConfigurationPlatforms) = postSolution
		{15EEFFEA-2F9D-47A1-AFA4-E6D3DA60B10D}.Debug|Any CPU.ActiveCfg = Debug|Any CPU
		{15EEFFEA-2F9D-47A1-AFA4-E6D3DA60B10D}.Debug|Any CPU.Build.0 = Debug|Any CPU
		{15EEFFEA-2F9D-47A1-AFA4-E6D3DA60B10D}.Release|Any CPU.ActiveCfg = Release|Any CPU
		{15EEFFEA-2F9D-47A1-AFA4-E6D3DA60B10D}.Release|Any CPU.Build.0 = Release|Any CPU
		{720CAC79-819A-47E0-B089-8745CCFD5A16}.Debug|Any CPU.ActiveCfg = Debug|Any CPU
		{720CAC79-819A-47E0-B089-8745CCFD5A16}.Debug|Any CPU.Build.0 = Debug|Any CPU
		{720CAC79-819A-47E0-B089-8745CCFD5A16}.Release|Any CPU.ActiveCfg = Release|Any CPU
		{720CAC79-819A-47E0-B089-8745CCFD5A16}.Release|Any CPU.Build.0 = Release|Any CPU
		{FC8F3CF8-3A37-4833-8EF4-E8AF8141EE01}.Debug|Any CPU.ActiveCfg = Debug|Any CPU
		{FC8F3CF8-3A37-4833-8EF4-E8AF8141EE01}.Debug|Any CPU.Build.0 = Debug|Any CPU
		{FC8F3CF8-3A37-4833-8EF4-E8AF8141EE01}.Release|Any CPU.ActiveCfg = Release|Any CPU
		{FC8F3CF8-3A37-4833-8EF4-E8AF8141EE01}.Release|Any CPU.Build.0 = Release|Any CPU
		{CED6D121-6B94-48BE-AABF-3CB2A3B5866E}.Debug|Any CPU.ActiveCfg = Debug|Any CPU
		{CED6D121-6B94-48BE-AABF-3CB2A3B5866E}.Debug|Any CPU.Build.0 = Debug|Any CPU
		{CED6D121-6B94-48BE-AABF-3CB2A3B5866E}.Release|Any CPU.ActiveCfg = Release|Any CPU
		{CED6D121-6B94-48BE-AABF-3CB2A3B5866E}.Release|Any CPU.Build.0 = Release|Any CPU
		{C74B3BB7-0329-4451-9B5D-5CE6DD654591}.Debug|Any CPU.ActiveCfg = Debug|Any CPU
		{C74B3BB7-0329-4451-9B5D-5CE6DD654591}.Debug|Any CPU.Build.0 = Debug|Any CPU
		{C74B3BB7-0329-4451-9B5D-5CE6DD654591}.Release|Any CPU.ActiveCfg = Release|Any CPU
		{C74B3BB7-0329-4451-9B5D-5CE6DD654591}.Release|Any CPU.Build.0 = Release|Any CPU
		{B73C887B-7B6A-4929-BF3C-E9B7F4068353}.Debug|Any CPU.ActiveCfg = Debug|Any CPU
		{B73C887B-7B6A-4929-BF3C-E9B7F4068353}.Debug|Any CPU.Build.0 = Debug|Any CPU
		{B73C887B-7B6A-4929-BF3C-E9B7F4068353}.Release|Any CPU.ActiveCfg = Release|Any CPU
		{B73C887B-7B6A-4929-BF3C-E9B7F4068353}.Release|Any CPU.Build.0 = Release|Any CPU
		{601E6EAD-A5A7-4A6D-9DD7-3FE2D05BCD0B}.Debug|Any CPU.ActiveCfg = Debug|Any CPU
		{601E6EAD-A5A7-4A6D-9DD7-3FE2D05BCD0B}.Debug|Any CPU.Build.0 = Debug|Any CPU
		{601E6EAD-A5A7-4A6D-9DD7-3FE2D05BCD0B}.Release|Any CPU.ActiveCfg = Release|Any CPU
		{601E6EAD-A5A7-4A6D-9DD7-3FE2D05BCD0B}.Release|Any CPU.Build.0 = Release|Any CPU
		{D25528E1-25C2-44CD-BB17-20ADE3B96B2E}.Debug|Any CPU.ActiveCfg = Debug|Any CPU
		{D25528E1-25C2-44CD-BB17-20ADE3B96B2E}.Debug|Any CPU.Build.0 = Debug|Any CPU
		{D25528E1-25C2-44CD-BB17-20ADE3B96B2E}.Release|Any CPU.ActiveCfg = Release|Any CPU
		{D25528E1-25C2-44CD-BB17-20ADE3B96B2E}.Release|Any CPU.Build.0 = Release|Any CPU
		{94270D18-A6A2-45CA-8D06-4592A7670C5F}.Debug|Any CPU.ActiveCfg = Debug|Any CPU
		{94270D18-A6A2-45CA-8D06-4592A7670C5F}.Debug|Any CPU.Build.0 = Debug|Any CPU
		{94270D18-A6A2-45CA-8D06-4592A7670C5F}.Release|Any CPU.ActiveCfg = Release|Any CPU
		{94270D18-A6A2-45CA-8D06-4592A7670C5F}.Release|Any CPU.Build.0 = Release|Any CPU
		{9C805E0E-4C61-4509-BB2B-1C60DD199473}.Debug|Any CPU.ActiveCfg = Debug|Any CPU
		{9C805E0E-4C61-4509-BB2B-1C60DD199473}.Debug|Any CPU.Build.0 = Debug|Any CPU
		{9C805E0E-4C61-4509-BB2B-1C60DD199473}.Release|Any CPU.ActiveCfg = Release|Any CPU
		{9C805E0E-4C61-4509-BB2B-1C60DD199473}.Release|Any CPU.Build.0 = Release|Any CPU
		{36D2ECB6-6DB2-4FDB-8768-41AB22025A8D}.Debug|Any CPU.ActiveCfg = Debug|Any CPU
		{36D2ECB6-6DB2-4FDB-8768-41AB22025A8D}.Debug|Any CPU.Build.0 = Debug|Any CPU
		{36D2ECB6-6DB2-4FDB-8768-41AB22025A8D}.Release|Any CPU.ActiveCfg = Release|Any CPU
		{36D2ECB6-6DB2-4FDB-8768-41AB22025A8D}.Release|Any CPU.Build.0 = Release|Any CPU
		{C16FB5A9-7DB0-4A02-909F-B6DE63CB1AE0}.Debug|Any CPU.ActiveCfg = Debug|Any CPU
		{C16FB5A9-7DB0-4A02-909F-B6DE63CB1AE0}.Debug|Any CPU.Build.0 = Debug|Any CPU
		{C16FB5A9-7DB0-4A02-909F-B6DE63CB1AE0}.Release|Any CPU.ActiveCfg = Release|Any CPU
		{C16FB5A9-7DB0-4A02-909F-B6DE63CB1AE0}.Release|Any CPU.Build.0 = Release|Any CPU
	EndGlobalSection
	GlobalSection(SolutionProperties) = preSolution
		HideSolutionNode = FALSE
	EndGlobalSection
	GlobalSection(NestedProjects) = preSolution
		{720CAC79-819A-47E0-B089-8745CCFD5A16} = {2A18666D-732F-4F19-A9E5-7893F3620855}
		{94B446C9-5288-4E63-AF9E-25E1D1847D87} = {E5D8B16A-0081-4EF7-A42B-8E341D4C834A}
		{FC8F3CF8-3A37-4833-8EF4-E8AF8141EE01} = {94B446C9-5288-4E63-AF9E-25E1D1847D87}
		{CED6D121-6B94-48BE-AABF-3CB2A3B5866E} = {94B446C9-5288-4E63-AF9E-25E1D1847D87}
		{C74B3BB7-0329-4451-9B5D-5CE6DD654591} = {94B446C9-5288-4E63-AF9E-25E1D1847D87}
		{B73C887B-7B6A-4929-BF3C-E9B7F4068353} = {94B446C9-5288-4E63-AF9E-25E1D1847D87}
		{EC4C0F08-E5C2-433A-B8C4-70DF2A5536DD} = {E5D8B16A-0081-4EF7-A42B-8E341D4C834A}
		{601E6EAD-A5A7-4A6D-9DD7-3FE2D05BCD0B} = {EC4C0F08-E5C2-433A-B8C4-70DF2A5536DD}
		{D25528E1-25C2-44CD-BB17-20ADE3B96B2E} = {EC4C0F08-E5C2-433A-B8C4-70DF2A5536DD}
		{94270D18-A6A2-45CA-8D06-4592A7670C5F} = {EC4C0F08-E5C2-433A-B8C4-70DF2A5536DD}
		{9C805E0E-4C61-4509-BB2B-1C60DD199473} = {EC4C0F08-E5C2-433A-B8C4-70DF2A5536DD}
		{77547F16-4CC9-4E40-8DE4-7FDA6FB03DD6} = {EC4C0F08-E5C2-433A-B8C4-70DF2A5536DD}
		{36D2ECB6-6DB2-4FDB-8768-41AB22025A8D} = {77547F16-4CC9-4E40-8DE4-7FDA6FB03DD6}
		{C16FB5A9-7DB0-4A02-909F-B6DE63CB1AE0} = {6D508E92-9BAB-423C-A5FE-3EA5C0AFED89}
	EndGlobalSection
EndGlobal
